
Microsoft Visual Studio Solution File, Format Version 12.00
# Visual Studio Version 17
VisualStudioVersion = 17.0.32014.148
MinimumVisualStudioVersion = 10.0.40219.1
Project("{9A19103F-16F7-4668-BE54-9A1E7A4F7556}") = "NlpEditor", "NlpEditor\NlpEditor.csproj", "{D6067E66-CAC9-4BF7-B084-090069B0E621}"
EndProject
Project("{54435603-DBB4-11D2-8724-00A0C9A8B90C}") = "SetupNlpEditor", "SetupNlpEditor\SetupNlpEditor.vdproj", "{38AD5C5E-88B4-42E4-9890-96BE808E482B}"
EndProject
Global
	GlobalSection(SolutionConfigurationPlatforms) = preSolution
		Debug|Any CPU = Debug|Any CPU
		Release|Any CPU = Release|Any CPU
	EndGlobalSection
	GlobalSection(ProjectConfigurationPlatforms) = postSolution
		{D6067E66-CAC9-4BF7-B084-090069B0E621}.Debug|Any CPU.ActiveCfg = Debug|Any CPU
		{D6067E66-CAC9-4BF7-B084-090069B0E621}.Debug|Any CPU.Build.0 = Debug|Any CPU
		{D6067E66-CAC9-4BF7-B084-090069B0E621}.Release|Any CPU.ActiveCfg = Release|Any CPU
		{D6067E66-CAC9-4BF7-B084-090069B0E621}.Release|Any CPU.Build.0 = Release|Any CPU
		{38AD5C5E-88B4-42E4-9890-96BE808E482B}.Debug|Any CPU.ActiveCfg = Debug
		{38AD5C5E-88B4-42E4-9890-96BE808E482B}.Release|Any CPU.ActiveCfg = Release
	EndGlobalSection
	GlobalSection(SolutionProperties) = preSolution
		HideSolutionNode = FALSE
	EndGlobalSection
	GlobalSection(ExtensibilityGlobals) = postSolution
		SolutionGuid = {63D5525F-0FF3-4641-9D0C-F7D898713D54}
	EndGlobalSection
EndGlobal
